// !$*UTF8*$!
{
	archiveVersion = 1;
	classes = {
	};
	objectVersion = 50;
	objects = {

/* Begin PBXBuildFile section */
		BE7D2EF426D1AF1700BD4EA2 /* AppDelegate.swift in Sources */ = {isa = PBXBuildFile; fileRef = BE7D2EF326D1AF1700BD4EA2 /* AppDelegate.swift */; };
		BE7D2EF626D1AF1700BD4EA2 /* SceneDelegate.swift in Sources */ = {isa = PBXBuildFile; fileRef = BE7D2EF526D1AF1700BD4EA2 /* SceneDelegate.swift */; };
		BE7D2EFD26D1AF1700BD4EA2 /* Assets.xcassets in Resources */ = {isa = PBXBuildFile; fileRef = BE7D2EFC26D1AF1700BD4EA2 /* Assets.xcassets */; };
		BE7D2F0026D1AF1700BD4EA2 /* LaunchScreen.storyboard in Resources */ = {isa = PBXBuildFile; fileRef = BE7D2EFE26D1AF1700BD4EA2 /* LaunchScreen.storyboard */; };
		BE7D2F3D26D1B0DC00BD4EA2 /* Main.storyboard in Resources */ = {isa = PBXBuildFile; fileRef = BE7D2F3C26D1B0DC00BD4EA2 /* Main.storyboard */; };
		BE7D2F4326D1B13000BD4EA2 /* DetailQuestionViewController.swift in Sources */ = {isa = PBXBuildFile; fileRef = BE7D2F4026D1B13000BD4EA2 /* DetailQuestionViewController.swift */; };
		BE7D2F4426D1B13000BD4EA2 /* QuestionCellView.swift in Sources */ = {isa = PBXBuildFile; fileRef = BE7D2F4126D1B13000BD4EA2 /* QuestionCellView.swift */; };
		BE7D2F4526D1B13000BD4EA2 /* TopQuestionsController.swift in Sources */ = {isa = PBXBuildFile; fileRef = BE7D2F4226D1B13000BD4EA2 /* TopQuestionsController.swift */; };
		BE92C88926D1B5D400E5F108 /* TopQuestionsKit.framework in Frameworks */ = {isa = PBXBuildFile; fileRef = BE92C88826D1B5D400E5F108 /* TopQuestionsKit.framework */; };
		BE92C88A26D1B5D400E5F108 /* TopQuestionsKit.framework in Embed Frameworks */ = {isa = PBXBuildFile; fileRef = BE92C88826D1B5D400E5F108 /* TopQuestionsKit.framework */; settings = {ATTRIBUTES = (CodeSignOnCopy, RemoveHeadersOnCopy, ); }; };
/* End PBXBuildFile section */

/* Begin PBXCopyFilesBuildPhase section */
		BE92C88B26D1B5D400E5F108 /* Embed Frameworks */ = {
			isa = PBXCopyFilesBuildPhase;
			buildActionMask = 2147483647;
			dstPath = "";
			dstSubfolderSpec = 10;
			files = (
				BE92C88A26D1B5D400E5F108 /* TopQuestionsKit.framework in Embed Frameworks */,
			);
			name = "Embed Frameworks";
			runOnlyForDeploymentPostprocessing = 0;
		};
/* End PBXCopyFilesBuildPhase section */

/* Begin PBXFileReference section */
		BE7D2EF026D1AF1700BD4EA2 /* TopQuestionsUIKit.app */ = {isa = PBXFileReference; explicitFileType = wrapper.application; includeInIndex = 0; path = TopQuestionsUIKit.app; sourceTree = BUILT_PRODUCTS_DIR; };
		BE7D2EF326D1AF1700BD4EA2 /* AppDelegate.swift */ = {isa = PBXFileReference; lastKnownFileType = sourcecode.swift; path = AppDelegate.swift; sourceTree = "<group>"; };
		BE7D2EF526D1AF1700BD4EA2 /* SceneDelegate.swift */ = {isa = PBXFileReference; lastKnownFileType = sourcecode.swift; path = SceneDelegate.swift; sourceTree = "<group>"; };
		BE7D2EFC26D1AF1700BD4EA2 /* Assets.xcassets */ = {isa = PBXFileReference; lastKnownFileType = folder.assetcatalog; path = Assets.xcassets; sourceTree = "<group>"; };
		BE7D2EFF26D1AF1700BD4EA2 /* Base */ = {isa = PBXFileReference; lastKnownFileType = file.storyboard; name = Base; path = Base.lproj/LaunchScreen.storyboard; sourceTree = "<group>"; };
		BE7D2F0126D1AF1700BD4EA2 /* Info.plist */ = {isa = PBXFileReference; lastKnownFileType = text.plist.xml; path = Info.plist; sourceTree = "<group>"; };
		BE7D2F3C26D1B0DC00BD4EA2 /* Main.storyboard */ = {isa = PBXFileReference; fileEncoding = 4; lastKnownFileType = file.storyboard; path = Main.storyboard; sourceTree = "<group>"; };
		BE7D2F4026D1B13000BD4EA2 /* DetailQuestionViewController.swift */ = {isa = PBXFileReference; fileEncoding = 4; lastKnownFileType = sourcecode.swift; path = DetailQuestionViewController.swift; sourceTree = "<group>"; };
		BE7D2F4126D1B13000BD4EA2 /* QuestionCellView.swift */ = {isa = PBXFileReference; fileEncoding = 4; lastKnownFileType = sourcecode.swift; path = QuestionCellView.swift; sourceTree = "<group>"; };
		BE7D2F4226D1B13000BD4EA2 /* TopQuestionsController.swift */ = {isa = PBXFileReference; fileEncoding = 4; lastKnownFileType = sourcecode.swift; path = TopQuestionsController.swift; sourceTree = "<group>"; };
		BE92C88126D1B41800E5F108 /* TopQuestionsKit.framework */ = {isa = PBXFileReference; explicitFileType = wrapper.framework; path = TopQuestionsKit.framework; sourceTree = BUILT_PRODUCTS_DIR; };
		BE92C88526D1B46C00E5F108 /* TopQuestionsKit.framework */ = {isa = PBXFileReference; explicitFileType = wrapper.framework; path = TopQuestionsKit.framework; sourceTree = BUILT_PRODUCTS_DIR; };
		BE92C88826D1B5D400E5F108 /* TopQuestionsKit.framework */ = {isa = PBXFileReference; explicitFileType = wrapper.framework; path = TopQuestionsKit.framework; sourceTree = BUILT_PRODUCTS_DIR; };
/* End PBXFileReference section */

/* Begin PBXFrameworksBuildPhase section */
		BE7D2EED26D1AF1700BD4EA2 /* Frameworks */ = {
			isa = PBXFrameworksBuildPhase;
			buildActionMask = 2147483647;
			files = (
				BE92C88926D1B5D400E5F108 /* TopQuestionsKit.framework in Frameworks */,
			);
			runOnlyForDeploymentPostprocessing = 0;
		};
/* End PBXFrameworksBuildPhase section */

/* Begin PBXGroup section */
		BE7D2EE726D1AF1700BD4EA2 = {
			isa = PBXGroup;
			children = (
				BE7D2EF226D1AF1700BD4EA2 /* TopQuestionsUIKit */,
				BE7D2EF126D1AF1700BD4EA2 /* Products */,
				BE92C88026D1B41800E5F108 /* Frameworks */,
			);
			sourceTree = "<group>";
		};
		BE7D2EF126D1AF1700BD4EA2 /* Products */ = {
			isa = PBXGroup;
			children = (
				BE7D2EF026D1AF1700BD4EA2 /* TopQuestionsUIKit.app */,
			);
			name = Products;
			sourceTree = "<group>";
		};
		BE7D2EF226D1AF1700BD4EA2 /* TopQuestionsUIKit */ = {
			isa = PBXGroup;
			children = (
				BE7D2F3F26D1B12500BD4EA2 /* Views */,
				BE7D2F3E26D1B10D00BD4EA2 /* Resources */,
				BE7D2F3C26D1B0DC00BD4EA2 /* Main.storyboard */,
				BE7D2F0126D1AF1700BD4EA2 /* Info.plist */,
			);
			path = TopQuestionsUIKit;
			sourceTree = "<group>";
		};
		BE7D2F3E26D1B10D00BD4EA2 /* Resources */ = {
			isa = PBXGroup;
			children = (
				BE7D2EF326D1AF1700BD4EA2 /* AppDelegate.swift */,
				BE7D2EF526D1AF1700BD4EA2 /* SceneDelegate.swift */,
				BE7D2EFC26D1AF1700BD4EA2 /* Assets.xcassets */,
				BE7D2EFE26D1AF1700BD4EA2 /* LaunchScreen.storyboard */,
			);
			path = Resources;
			sourceTree = "<group>";
		};
		BE7D2F3F26D1B12500BD4EA2 /* Views */ = {
			isa = PBXGroup;
			children = (
				BE7D2F4026D1B13000BD4EA2 /* DetailQuestionViewController.swift */,
				BE7D2F4126D1B13000BD4EA2 /* QuestionCellView.swift */,
				BE7D2F4226D1B13000BD4EA2 /* TopQuestionsController.swift */,
			);
			path = Views;
			sourceTree = "<group>";
		};
		BE92C88026D1B41800E5F108 /* Frameworks */ = {
			isa = PBXGroup;
			children = (
				BE92C88826D1B5D400E5F108 /* TopQuestionsKit.framework */,
				BE92C88526D1B46C00E5F108 /* TopQuestionsKit.framework */,
				BE92C88126D1B41800E5F108 /* TopQuestionsKit.framework */,
			);
			name = Frameworks;
			sourceTree = "<group>";
		};
/* End PBXGroup section */

/* Begin PBXNativeTarget section */
		BE7D2EEF26D1AF1700BD4EA2 /* TopQuestionsUIKit */ = {
			isa = PBXNativeTarget;
			buildConfigurationList = BE7D2F0426D1AF1700BD4EA2 /* Build configuration list for PBXNativeTarget "TopQuestionsUIKit" */;
			buildPhases = (
				BE7D2EEC26D1AF1700BD4EA2 /* Sources */,
				BE7D2EED26D1AF1700BD4EA2 /* Frameworks */,
				BE7D2EEE26D1AF1700BD4EA2 /* Resources */,
				BE92C88B26D1B5D400E5F108 /* Embed Frameworks */,
			);
			buildRules = (
			);
			dependencies = (
			);
			name = TopQuestionsUIKit;
			productName = TopQuestionsUIKit;
			productReference = BE7D2EF026D1AF1700BD4EA2 /* TopQuestionsUIKit.app */;
			productType = "com.apple.product-type.application";
		};
/* End PBXNativeTarget section */

/* Begin PBXProject section */
		BE7D2EE826D1AF1700BD4EA2 /* Project object */ = {
			isa = PBXProject;
			attributes = {
				LastSwiftUpdateCheck = 1250;
				LastUpgradeCheck = 1250;
				TargetAttributes = {
					BE7D2EEF26D1AF1700BD4EA2 = {
						CreatedOnToolsVersion = 12.5.1;
					};
				};
			};
			buildConfigurationList = BE7D2EEB26D1AF1700BD4EA2 /* Build configuration list for PBXProject "TopQuestionsUIKit" */;
			compatibilityVersion = "Xcode 9.3";
			developmentRegion = en;
			hasScannedForEncodings = 0;
			knownRegions = (
				en,
				Base,
			);
			mainGroup = BE7D2EE726D1AF1700BD4EA2;
			productRefGroup = BE7D2EF126D1AF1700BD4EA2 /* Products */;
			projectDirPath = "";
			projectRoot = "";
			targets = (
				BE7D2EEF26D1AF1700BD4EA2 /* TopQuestionsUIKit */,
			);
		};
/* End PBXProject section */

/* Begin PBXResourcesBuildPhase section */
		BE7D2EEE26D1AF1700BD4EA2 /* Resources */ = {
			isa = PBXResourcesBuildPhase;
			buildActionMask = 2147483647;
			files = (
				BE7D2F0026D1AF1700BD4EA2 /* LaunchScreen.storyboard in Resources */,
				BE7D2F3D26D1B0DC00BD4EA2 /* Main.storyboard in Resources */,
				BE7D2EFD26D1AF1700BD4EA2 /* Assets.xcassets in Resources */,
			);
			runOnlyForDeploymentPostprocessing = 0;
		};
/* End PBXResourcesBuildPhase section */

/* Begin PBXSourcesBuildPhase section */
		BE7D2EEC26D1AF1700BD4EA2 /* Sources */ = {
			isa = PBXSourcesBuildPhase;
			buildActionMask = 2147483647;
			files = (
				BE7D2F4426D1B13000BD4EA2 /* QuestionCellView.swift in Sources */,
				BE7D2EF426D1AF1700BD4EA2 /* AppDelegate.swift in Sources */,
				BE7D2F4526D1B13000BD4EA2 /* TopQuestionsController.swift in Sources */,
				BE7D2EF626D1AF1700BD4EA2 /* SceneDelegate.swift in Sources */,
				BE7D2F4326D1B13000BD4EA2 /* DetailQuestionViewController.swift in Sources */,
			);
			runOnlyForDeploymentPostprocessing = 0;
		};
/* End PBXSourcesBuildPhase section */

/* Begin PBXVariantGroup section */
		BE7D2EFE26D1AF1700BD4EA2 /* LaunchScreen.storyboard */ = {
			isa = PBXVariantGroup;
			children = (
				BE7D2EFF26D1AF1700BD4EA2 /* Base */,
			);
			name = LaunchScreen.storyboard;
			sourceTree = "<group>";
		};
/* End PBXVariantGroup section */

/* Begin XCBuildConfiguration section */
		BE7D2F0226D1AF1700BD4EA2 /* Debug */ = {
			isa = XCBuildConfiguration;
			buildSettings = {
				ALWAYS_SEARCH_USER_PATHS = NO;
				CLANG_ANALYZER_NONNULL = YES;
				CLANG_ANALYZER_NUMBER_OBJECT_CONVERSION = YES_AGGRESSIVE;
				CLANG_CXX_LANGUAGE_STANDARD = "gnu++14";
				CLANG_CXX_LIBRARY = "libc++";
				CLANG_ENABLE_MODULES = YES;
				CLANG_ENABLE_OBJC_ARC = YES;
				CLANG_ENABLE_OBJC_WEAK = YES;
				CLANG_WARN_BLOCK_CAPTURE_AUTORELEASING = YES;
				CLANG_WARN_BOOL_CONVERSION = YES;
				CLANG_WARN_COMMA = YES;
				CLANG_WARN_CONSTANT_CONVERSION = YES;
				CLANG_WARN_DEPRECATED_OBJC_IMPLEMENTATIONS = YES;
				CLANG_WARN_DIRECT_OBJC_ISA_USAGE = YES_ERROR;
				CLANG_WARN_DOCUMENTATION_COMMENTS = YES;
				CLANG_WARN_EMPTY_BODY = YES;
				CLANG_WARN_ENUM_CONVERSION = YES;
				CLANG_WARN_INFINITE_RECURSION = YES;
				CLANG_WARN_INT_CONVERSION = YES;
				CLANG_WARN_NON_LITERAL_NULL_CONVERSION = YES;
				CLANG_WARN_OBJC_IMPLICIT_RETAIN_SELF = YES;
				CLANG_WARN_OBJC_LITERAL_CONVERSION = YES;
				CLANG_WARN_OBJC_ROOT_CLASS = YES_ERROR;
				CLANG_WARN_QUOTED_INCLUDE_IN_FRAMEWORK_HEADER = YES;
				CLANG_WARN_RANGE_LOOP_ANALYSIS = YES;
				CLANG_WARN_STRICT_PROTOTYPES = YES;
				CLANG_WARN_SUSPICIOUS_MOVE = YES;
				CLANG_WARN_UNGUARDED_AVAILABILITY = YES_AGGRESSIVE;
				CLANG_WARN_UNREACHABLE_CODE = YES;
				CLANG_WARN__DUPLICATE_METHOD_MATCH = YES;
				COPY_PHASE_STRIP = NO;
				DEBUG_INFORMATION_FORMAT = dwarf;
				ENABLE_STRICT_OBJC_MSGSEND = YES;
				ENABLE_TESTABILITY = YES;
				GCC_C_LANGUAGE_STANDARD = gnu11;
				GCC_DYNAMIC_NO_PIC = NO;
				GCC_NO_COMMON_BLOCKS = YES;
				GCC_OPTIMIZATION_LEVEL = 0;
				GCC_PREPROCESSOR_DEFINITIONS = (
					"DEBUG=1",
					"$(inherited)",
				);
				GCC_WARN_64_TO_32_BIT_CONVERSION = YES;
				GCC_WARN_ABOUT_RETURN_TYPE = YES_ERROR;
				GCC_WARN_UNDECLARED_SELECTOR = YES;
				GCC_WARN_UNINITIALIZED_AUTOS = YES_AGGRESSIVE;
				GCC_WARN_UNUSED_FUNCTION = YES;
				GCC_WARN_UNUSED_VARIABLE = YES;
				IPHONEOS_DEPLOYMENT_TARGET = 14.5;
				MTL_ENABLE_DEBUG_INFO = INCLUDE_SOURCE;
				MTL_FAST_MATH = YES;
				ONLY_ACTIVE_ARCH = YES;
				SDKROOT = iphoneos;
				SWIFT_ACTIVE_COMPILATION_CONDITIONS = DEBUG;
				SWIFT_OPTIMIZATION_LEVEL = "-Onone";
			};
			name = Debug;
		};
		BE7D2F0326D1AF1700BD4EA2 /* Release */ = {
			isa = XCBuildConfiguration;
			buildSettings = {
				ALWAYS_SEARCH_USER_PATHS = NO;
				CLANG_ANALYZER_NONNULL = YES;
				CLANG_ANALYZER_NUMBER_OBJECT_CONVERSION = YES_AGGRESSIVE;
				CLANG_CXX_LANGUAGE_STANDARD = "gnu++14";
				CLANG_CXX_LIBRARY = "libc++";
				CLANG_ENABLE_MODULES = YES;
				CLANG_ENABLE_OBJC_ARC = YES;
				CLANG_ENABLE_OBJC_WEAK = YES;
				CLANG_WARN_BLOCK_CAPTURE_AUTORELEASING = YES;
				CLANG_WARN_BOOL_CONVERSION = YES;
				CLANG_WARN_COMMA = YES;
				CLANG_WARN_CONSTANT_CONVERSION = YES;
				CLANG_WARN_DEPRECATED_OBJC_IMPLEMENTATIONS = YES;
				CLANG_WARN_DIRECT_OBJC_ISA_USAGE = YES_ERROR;
				CLANG_WARN_DOCUMENTATION_COMMENTS = YES;
				CLANG_WARN_EMPTY_BODY = YES;
				CLANG_WARN_ENUM_CONVERSION = YES;
				CLANG_WARN_INFINITE_RECURSION = YES;
				CLANG_WARN_INT_CONVERSION = YES;
				CLANG_WARN_NON_LITERAL_NULL_CONVERSION = YES;
				CLANG_WARN_OBJC_IMPLICIT_RETAIN_SELF = YES;
				CLANG_WARN_OBJC_LITERAL_CONVERSION = YES;
				CLANG_WARN_OBJC_ROOT_CLASS = YES_ERROR;
				CLANG_WARN_QUOTED_INCLUDE_IN_FRAMEWORK_HEADER = YES;
				CLANG_WARN_RANGE_LOOP_ANALYSIS = YES;
				CLANG_WARN_STRICT_PROTOTYPES = YES;
				CLANG_WARN_SUSPICIOUS_MOVE = YES;
				CLANG_WARN_UNGUARDED_AVAILABILITY = YES_AGGRESSIVE;
				CLANG_WARN_UNREACHABLE_CODE = YES;
				CLANG_WARN__DUPLICATE_METHOD_MATCH = YES;
				COPY_PHASE_STRIP = NO;
				DEBUG_INFORMATION_FORMAT = "dwarf-with-dsym";
				ENABLE_NS_ASSERTIONS = NO;
				ENABLE_STRICT_OBJC_MSGSEND = YES;
				GCC_C_LANGUAGE_STANDARD = gnu11;
				GCC_NO_COMMON_BLOCKS = YES;
				GCC_WARN_64_TO_32_BIT_CONVERSION = YES;
				GCC_WARN_ABOUT_RETURN_TYPE = YES_ERROR;
				GCC_WARN_UNDECLARED_SELECTOR = YES;
				GCC_WARN_UNINITIALIZED_AUTOS = YES_AGGRESSIVE;
				GCC_WARN_UNUSED_FUNCTION = YES;
				GCC_WARN_UNUSED_VARIABLE = YES;
				IPHONEOS_DEPLOYMENT_TARGET = 14.5;
				MTL_ENABLE_DEBUG_INFO = NO;
				MTL_FAST_MATH = YES;
				SDKROOT = iphoneos;
				SWIFT_COMPILATION_MODE = wholemodule;
				SWIFT_OPTIMIZATION_LEVEL = "-O";
				VALIDATE_PRODUCT = YES;
			};
			name = Release;
		};
		BE7D2F0526D1AF1700BD4EA2 /* Debug */ = {
			isa = XCBuildConfiguration;
			buildSettings = {
				ASSETCATALOG_COMPILER_APPICON_NAME = AppIcon;
				ASSETCATALOG_COMPILER_GLOBAL_ACCENT_COLOR_NAME = AccentColor;
				CODE_SIGN_STYLE = Automatic;
				DEVELOPMENT_TEAM = SDANZ899RF;
				INFOPLIST_FILE = TopQuestionsUIKit/Info.plist;
				LD_RUNPATH_SEARCH_PATHS = (
					"$(inherited)",
					"@executable_path/Frameworks",
				);
				PRODUCT_BUNDLE_IDENTIFIER = com.cerovaroproductions.TopQuestionsUIKit;
				PRODUCT_NAME = "$(TARGET_NAME)";
				SWIFT_VERSION = 5.0;
				TARGETED_DEVICE_FAMILY = "1,2";
			};
			name = Debug;
		};
		BE7D2F0626D1AF1700BD4EA2 /* Release */ = {
			isa = XCBuildConfiguration;
			buildSettings = {
				ASSETCATALOG_COMPILER_APPICON_NAME = AppIcon;
				ASSETCATALOG_COMPILER_GLOBAL_ACCENT_COLOR_NAME = AccentColor;
				CODE_SIGN_STYLE = Automatic;
				DEVELOPMENT_TEAM = SDANZ899RF;
				INFOPLIST_FILE = TopQuestionsUIKit/Info.plist;
				LD_RUNPATH_SEARCH_PATHS = (
					"$(inherited)",
					"@executable_path/Frameworks",
				);
				PRODUCT_BUNDLE_IDENTIFIER = com.cerovaroproductions.TopQuestionsUIKit;
				PRODUCT_NAME = "$(TARGET_NAME)";
				SWIFT_VERSION = 5.0;
				TARGETED_DEVICE_FAMILY = "1,2";
			};
			name = Release;
		};
/* End XCBuildConfiguration section */

/* Begin XCConfigurationList section */
		BE7D2EEB26D1AF1700BD4EA2 /* Build configuration list for PBXProject "TopQuestionsUIKit" */ = {
			isa = XCConfigurationList;
			buildConfigurations = (
				BE7D2F0226D1AF1700BD4EA2 /* Debug */,
				BE7D2F0326D1AF1700BD4EA2 /* Release */,
			);
			defaultConfigurationIsVisible = 0;
			defaultConfigurationName = Release;
		};
		BE7D2F0426D1AF1700BD4EA2 /* Build configuration list for PBXNativeTarget "TopQuestionsUIKit" */ = {
			isa = XCConfigurationList;
			buildConfigurations = (
				BE7D2F0526D1AF1700BD4EA2 /* Debug */,
				BE7D2F0626D1AF1700BD4EA2 /* Release */,
			);
			defaultConfigurationIsVisible = 0;
			defaultConfigurationName = Release;
		};
/* End XCConfigurationList section */
	};
	rootObject = BE7D2EE826D1AF1700BD4EA2 /* Project object */;
}
